
Microsoft Visual Studio Solution File, Format Version 12.00
# Visual Studio Version 17
VisualStudioVersion = 17.14.36221.1
MinimumVisualStudioVersion = 10.0.40219.1
Project("{FAE04EC0-301F-11D3-BF4B-00C04F79EFBC}") = "Movie wacth list", "Movie wacth list\Movie wacth list.csproj", "{77507584-77A3-4B24-96BB-D3854C4B449E}"
EndProject
Project("{FAE04EC0-301F-11D3-BF4B-00C04F79EFBC}") = "DataLayer", "DataLayer\DataLayer.csproj", "{E8C203F9-4F36-42A5-8754-F0D06CF248C6}"
EndProject
Project("{FAE04EC0-301F-11D3-BF4B-00C04F79EFBC}") = "LogicLayer", "LogicLayer\LogicLayer.csproj", "{8A8DC7D9-4F26-4681-8DA3-45F9555AE4E6}"
EndProject
Project("{FAE04EC0-301F-11D3-BF4B-00C04F79EFBC}") = "z What-to-WatchProject", "z What-to-WatchProject\z What-to-WatchProject.csproj", "{FF510C0B-1C83-4569-BAB3-5FF74C113C4D}"
EndProject
Global
	GlobalSection(SolutionConfigurationPlatforms) = preSolution
		Debug|Any CPU = Debug|Any CPU
		Release|Any CPU = Release|Any CPU
	EndGlobalSection
	GlobalSection(ProjectConfigurationPlatforms) = postSolution
		{77507584-77A3-4B24-96BB-D3854C4B449E}.Debug|Any CPU.ActiveCfg = Debug|Any CPU
		{77507584-77A3-4B24-96BB-D3854C4B449E}.Debug|Any CPU.Build.0 = Debug|Any CPU
		{77507584-77A3-4B24-96BB-D3854C4B449E}.Release|Any CPU.ActiveCfg = Release|Any CPU
		{77507584-77A3-4B24-96BB-D3854C4B449E}.Release|Any CPU.Build.0 = Release|Any CPU
		{E8C203F9-4F36-42A5-8754-F0D06CF248C6}.Debug|Any CPU.ActiveCfg = Debug|Any CPU
		{E8C203F9-4F36-42A5-8754-F0D06CF248C6}.Debug|Any CPU.Build.0 = Debug|Any CPU
		{E8C203F9-4F36-42A5-8754-F0D06CF248C6}.Release|Any CPU.ActiveCfg = Release|Any CPU
		{E8C203F9-4F36-42A5-8754-F0D06CF248C6}.Release|Any CPU.Build.0 = Release|Any CPU
		{8A8DC7D9-4F26-4681-8DA3-45F9555AE4E6}.Debug|Any CPU.ActiveCfg = Debug|Any CPU
		{8A8DC7D9-4F26-4681-8DA3-45F9555AE4E6}.Debug|Any CPU.Build.0 = Debug|Any CPU
		{8A8DC7D9-4F26-4681-8DA3-45F9555AE4E6}.Release|Any CPU.ActiveCfg = Release|Any CPU
		{8A8DC7D9-4F26-4681-8DA3-45F9555AE4E6}.Release|Any CPU.Build.0 = Release|Any CPU
		{FF510C0B-1C83-4569-BAB3-5FF74C113C4D}.Debug|Any CPU.ActiveCfg = Debug|Any CPU
		{FF510C0B-1C83-4569-BAB3-5FF74C113C4D}.Debug|Any CPU.Build.0 = Debug|Any CPU
		{FF510C0B-1C83-4569-BAB3-5FF74C113C4D}.Release|Any CPU.ActiveCfg = Release|Any CPU
		{FF510C0B-1C83-4569-BAB3-5FF74C113C4D}.Release|Any CPU.Build.0 = Release|Any CPU
	EndGlobalSection
	GlobalSection(SolutionProperties) = preSolution
		HideSolutionNode = FALSE
	EndGlobalSection
	GlobalSection(ExtensibilityGlobals) = postSolution
		SolutionGuid = {71B1FEDD-73EC-4E78-924A-0531BBA675FF}
	EndGlobalSection
EndGlobal
